
Microsoft Visual Studio Solution File, Format Version 12.00
# Visual Studio 15
VisualStudioVersion = 15.0.25807.0
MinimumVisualStudioVersion = 10.0.40219.1
Project("{2150E333-8FDC-42A3-9474-1A3956D46DE8}") = "Engine", "Engine", "{C00321DD-0EBA-41CC-B28F-91B5F4EC2221}"
EndProject
Project("{2150E333-8FDC-42A3-9474-1A3956D46DE8}") = "Games", "Games", "{CD24D20D-A724-4385-9127-17E6DA69035A}"
EndProject
Project("{8BC9CEB8-8B4A-11D0-8D11-00A0C91BC942}") = "UE4", "Intermediate\ProjectFiles\UE4.vcxproj", "{D197C41A-DA2F-454D-AF7E-E4F4FB7E4A5E}"
EndProject
Project("{8BC9CEB8-8B4A-11D0-8D11-00A0C91BC942}") = "BuildingEscape", "Intermediate\ProjectFiles\BuildingEscape.vcxproj", "{C09FB988-C98F-40C3-BAF5-BCB9C43618E8}"
EndProject
Global
	GlobalSection(SolutionConfigurationPlatforms) = preSolution
		DebugGame Editor|HTML5 = DebugGame Editor|HTML5
		DebugGame Editor|Win32 = DebugGame Editor|Win32
		DebugGame Editor|Win64 = DebugGame Editor|Win64
		DebugGame|HTML5 = DebugGame|HTML5
		DebugGame|Win32 = DebugGame|Win32
		DebugGame|Win64 = DebugGame|Win64
		Development Editor|HTML5 = Development Editor|HTML5
		Development Editor|Win32 = Development Editor|Win32
		Development Editor|Win64 = Development Editor|Win64
		Development|HTML5 = Development|HTML5
		Development|Win32 = Development|Win32
		Development|Win64 = Development|Win64
		Shipping|HTML5 = Shipping|HTML5
		Shipping|Win32 = Shipping|Win32
		Shipping|Win64 = Shipping|Win64
	EndGlobalSection
	GlobalSection(ProjectConfigurationPlatforms) = postSolution
		{C09FB988-C98F-40C3-BAF5-BCB9C43618E8}.DebugGame Editor|HTML5.ActiveCfg = HTML5_DebugGame_Editor|Win32
		{C09FB988-C98F-40C3-BAF5-BCB9C43618E8}.DebugGame Editor|Win32.ActiveCfg = DebugGame_Editor|Win32
		{C09FB988-C98F-40C3-BAF5-BCB9C43618E8}.DebugGame Editor|Win64.ActiveCfg = DebugGame_Editor|x64
		{C09FB988-C98F-40C3-BAF5-BCB9C43618E8}.DebugGame Editor|Win64.Build.0 = DebugGame_Editor|x64
		{C09FB988-C98F-40C3-BAF5-BCB9C43618E8}.DebugGame|HTML5.ActiveCfg = HTML5_DebugGame_Game|Win32
		{C09FB988-C98F-40C3-BAF5-BCB9C43618E8}.DebugGame|HTML5.Build.0 = HTML5_DebugGame_Game|Win32
		{C09FB988-C98F-40C3-BAF5-BCB9C43618E8}.DebugGame|Win32.ActiveCfg = DebugGame_Game|Win32
		{C09FB988-C98F-40C3-BAF5-BCB9C43618E8}.DebugGame|Win32.Build.0 = DebugGame_Game|Win32
		{C09FB988-C98F-40C3-BAF5-BCB9C43618E8}.DebugGame|Win64.ActiveCfg = DebugGame_Game|x64
		{C09FB988-C98F-40C3-BAF5-BCB9C43618E8}.DebugGame|Win64.Build.0 = DebugGame_Game|x64
		{C09FB988-C98F-40C3-BAF5-BCB9C43618E8}.Development Editor|HTML5.ActiveCfg = HTML5_Development_Editor|Win32
		{C09FB988-C98F-40C3-BAF5-BCB9C43618E8}.Development Editor|Win32.ActiveCfg = Development_Editor|Win32
		{C09FB988-C98F-40C3-BAF5-BCB9C43618E8}.Development Editor|Win64.ActiveCfg = Development_Editor|x64
		{C09FB988-C98F-40C3-BAF5-BCB9C43618E8}.Development Editor|Win64.Build.0 = Development_Editor|x64
		{C09FB988-C98F-40C3-BAF5-BCB9C43618E8}.Development|HTML5.ActiveCfg = HTML5_Development_Game|Win32
		{C09FB988-C98F-40C3-BAF5-BCB9C43618E8}.Development|HTML5.Build.0 = HTML5_Development_Game|Win32
		{C09FB988-C98F-40C3-BAF5-BCB9C43618E8}.Development|Win32.ActiveCfg = Development_Game|Win32
		{C09FB988-C98F-40C3-BAF5-BCB9C43618E8}.Development|Win32.Build.0 = Development_Game|Win32
		{C09FB988-C98F-40C3-BAF5-BCB9C43618E8}.Development|Win64.ActiveCfg = Development_Game|x64
		{C09FB988-C98F-40C3-BAF5-BCB9C43618E8}.Development|Win64.Build.0 = Development_Game|x64
		{C09FB988-C98F-40C3-BAF5-BCB9C43618E8}.Shipping|HTML5.ActiveCfg = HTML5_Shipping_Game|Win32
		{C09FB988-C98F-40C3-BAF5-BCB9C43618E8}.Shipping|HTML5.Build.0 = HTML5_Shipping_Game|Win32
		{C09FB988-C98F-40C3-BAF5-BCB9C43618E8}.Shipping|Win32.ActiveCfg = Shipping_Game|Win32
		{C09FB988-C98F-40C3-BAF5-BCB9C43618E8}.Shipping|Win32.Build.0 = Shipping_Game|Win32
		{C09FB988-C98F-40C3-BAF5-BCB9C43618E8}.Shipping|Win64.ActiveCfg = Shipping_Game|x64
		{C09FB988-C98F-40C3-BAF5-BCB9C43618E8}.Shipping|Win64.Build.0 = Shipping_Game|x64
	EndGlobalSection
	GlobalSection(SolutionProperties) = preSolution
		HideSolutionNode = FALSE
	EndGlobalSection
	GlobalSection(NestedProjects) = preSolution
		{D197C41A-DA2F-454D-AF7E-E4F4FB7E4A5E} = {C00321DD-0EBA-41CC-B28F-91B5F4EC2221}
		{C09FB988-C98F-40C3-BAF5-BCB9C43618E8} = {CD24D20D-A724-4385-9127-17E6DA69035A}
	EndGlobalSection
EndGlobal
